
Microsoft Visual Studio Solution File, Format Version 12.00
# Visual Studio Version 16
VisualStudioVersion = 16.0.30611.23
MinimumVisualStudioVersion = 10.0.40219.1
Project("{FAE04EC0-301F-11D3-BF4B-00C04F79EFBC}") = "FileAutomation1.0", "FileAutomation 1.0\FileAutomation1.0.csproj", "{DC1FC6E7-C31E-42D6-9D9A-BA02ABE172FA}"
EndProject
Global
	GlobalSection(SolutionConfigurationPlatforms) = preSolution
		Debug|Any CPU = Debug|Any CPU
		Release|Any CPU = Release|Any CPU
	EndGlobalSection
	GlobalSection(ProjectConfigurationPlatforms) = postSolution
		{DC1FC6E7-C31E-42D6-9D9A-BA02ABE172FA}.Debug|Any CPU.ActiveCfg = Debug|Any CPU
		{DC1FC6E7-C31E-42D6-9D9A-BA02ABE172FA}.Debug|Any CPU.Build.0 = Debug|Any CPU
		{DC1FC6E7-C31E-42D6-9D9A-BA02ABE172FA}.Release|Any CPU.ActiveCfg = Release|Any CPU
		{DC1FC6E7-C31E-42D6-9D9A-BA02ABE172FA}.Release|Any CPU.Build.0 = Release|Any CPU
	EndGlobalSection
	GlobalSection(SolutionProperties) = preSolution
		HideSolutionNode = FALSE
	EndGlobalSection
	GlobalSection(ExtensibilityGlobals) = postSolution
		SolutionGuid = {92C65C1D-4AFB-46A6-8A36-42A7F11EC26B}
	EndGlobalSection
EndGlobal
